// !$*UTF8*$!
{
	archiveVersion = 1;
	classes = {
	};
	objectVersion = 55;
	objects = {

/* Begin PBXBuildFile section */
		0304A6A72924C6D9005621A3 /* MenuTableViewCell.swift in Sources */ = {isa = PBXBuildFile; fileRef = 0304A6A52924C6D9005621A3 /* MenuTableViewCell.swift */; };
		0304A6A82924C6D9005621A3 /* MenuTableViewCell.xib in Resources */ = {isa = PBXBuildFile; fileRef = 0304A6A62924C6D9005621A3 /* MenuTableViewCell.xib */; };
		0304A6AA2924C9B3005621A3 /* Menu.swift in Sources */ = {isa = PBXBuildFile; fileRef = 0304A6A92924C9B3005621A3 /* Menu.swift */; };
		0304A6B02924DF40005621A3 /* OrderMenuVC.swift in Sources */ = {isa = PBXBuildFile; fileRef = 0304A6AF2924DF40005621A3 /* OrderMenuVC.swift */; };
		0304A6B32924DF86005621A3 /* OrderMenuTableViewCell.swift in Sources */ = {isa = PBXBuildFile; fileRef = 0304A6B12924DF86005621A3 /* OrderMenuTableViewCell.swift */; };
		0304A6B42924DF86005621A3 /* OrderMenuTableViewCell.xib in Resources */ = {isa = PBXBuildFile; fileRef = 0304A6B22924DF86005621A3 /* OrderMenuTableViewCell.xib */; };
		0304A6B62924E247005621A3 /* SearchVC.swift in Sources */ = {isa = PBXBuildFile; fileRef = 0304A6B52924E247005621A3 /* SearchVC.swift */; };
		0304A6B82926D389005621A3 /* showDetailMenuDetail.swift in Sources */ = {isa = PBXBuildFile; fileRef = 0304A6B72926D389005621A3 /* showDetailMenuDetail.swift */; };
		0304A6BA2926E72E005621A3 /* PlaceOrderVC.swift in Sources */ = {isa = PBXBuildFile; fileRef = 0304A6B92926E72E005621A3 /* PlaceOrderVC.swift */; };
		038902D52924B8BF005F4049 /* AppDelegate.swift in Sources */ = {isa = PBXBuildFile; fileRef = 038902D42924B8BF005F4049 /* AppDelegate.swift */; };
		038902D72924B8BF005F4049 /* SceneDelegate.swift in Sources */ = {isa = PBXBuildFile; fileRef = 038902D62924B8BF005F4049 /* SceneDelegate.swift */; };
		038902D92924B8BF005F4049 /* ViewController.swift in Sources */ = {isa = PBXBuildFile; fileRef = 038902D82924B8BF005F4049 /* ViewController.swift */; };
		038902DC2924B8BF005F4049 /* Main.storyboard in Resources */ = {isa = PBXBuildFile; fileRef = 038902DA2924B8BF005F4049 /* Main.storyboard */; };
		038902DE2924B8C0005F4049 /* Assets.xcassets in Resources */ = {isa = PBXBuildFile; fileRef = 038902DD2924B8C0005F4049 /* Assets.xcassets */; };
		038902E12924B8C0005F4049 /* LaunchScreen.storyboard in Resources */ = {isa = PBXBuildFile; fileRef = 038902DF2924B8C0005F4049 /* LaunchScreen.storyboard */; };
		038902E92924B9BB005F4049 /* HomeVC.swift in Sources */ = {isa = PBXBuildFile; fileRef = 038902E82924B9BB005F4049 /* HomeVC.swift */; };
		038902EB2924B9C7005F4049 /* PayVC.swift in Sources */ = {isa = PBXBuildFile; fileRef = 038902EA2924B9C7005F4049 /* PayVC.swift */; };
		038902ED2924B9D0005F4049 /* OrderVC.swift in Sources */ = {isa = PBXBuildFile; fileRef = 038902EC2924B9D0005F4049 /* OrderVC.swift */; };
		038902EF2924B9DB005F4049 /* ShopVC.swift in Sources */ = {isa = PBXBuildFile; fileRef = 038902EE2924B9DB005F4049 /* ShopVC.swift */; };
		038902F12924B9E5005F4049 /* OtherVC.swift in Sources */ = {isa = PBXBuildFile; fileRef = 038902F02924B9E5005F4049 /* OtherVC.swift */; };
		03DE8EB62929B1960070D0EF /* MenuSelected.swift in Sources */ = {isa = PBXBuildFile; fileRef = 03DE8EB52929B1960070D0EF /* MenuSelected.swift */; };
		03DE8EB82929B1EA0070D0EF /* PaymentVC.swift in Sources */ = {isa = PBXBuildFile; fileRef = 03DE8EB72929B1EA0070D0EF /* PaymentVC.swift */; };
		03DE8EBC2929B8FF0070D0EF /* DiscountOption.swift in Sources */ = {isa = PBXBuildFile; fileRef = 03DE8EBB2929B8FF0070D0EF /* DiscountOption.swift */; };
		03DE8EBF2929C90E0070D0EF /* selectedMenuTableViewCell.swift in Sources */ = {isa = PBXBuildFile; fileRef = 03DE8EBD2929C90E0070D0EF /* selectedMenuTableViewCell.swift */; };
		03DE8EC02929C90E0070D0EF /* selectedMenuTableViewCell.xib in Resources */ = {isa = PBXBuildFile; fileRef = 03DE8EBE2929C90E0070D0EF /* selectedMenuTableViewCell.xib */; };
/* End PBXBuildFile section */

/* Begin PBXFileReference section */
		0304A6A52924C6D9005621A3 /* MenuTableViewCell.swift */ = {isa = PBXFileReference; lastKnownFileType = sourcecode.swift; path = MenuTableViewCell.swift; sourceTree = "<group>"; };
		0304A6A62924C6D9005621A3 /* MenuTableViewCell.xib */ = {isa = PBXFileReference; lastKnownFileType = file.xib; path = MenuTableViewCell.xib; sourceTree = "<group>"; };
		0304A6A92924C9B3005621A3 /* Menu.swift */ = {isa = PBXFileReference; lastKnownFileType = sourcecode.swift; path = Menu.swift; sourceTree = "<group>"; };
		0304A6AF2924DF40005621A3 /* OrderMenuVC.swift */ = {isa = PBXFileReference; lastKnownFileType = sourcecode.swift; path = OrderMenuVC.swift; sourceTree = "<group>"; };
		0304A6B12924DF86005621A3 /* OrderMenuTableViewCell.swift */ = {isa = PBXFileReference; lastKnownFileType = sourcecode.swift; path = OrderMenuTableViewCell.swift; sourceTree = "<group>"; };
		0304A6B22924DF86005621A3 /* OrderMenuTableViewCell.xib */ = {isa = PBXFileReference; lastKnownFileType = file.xib; path = OrderMenuTableViewCell.xib; sourceTree = "<group>"; };
		0304A6B52924E247005621A3 /* SearchVC.swift */ = {isa = PBXFileReference; lastKnownFileType = sourcecode.swift; path = SearchVC.swift; sourceTree = "<group>"; };
		0304A6B72926D389005621A3 /* showDetailMenuDetail.swift */ = {isa = PBXFileReference; lastKnownFileType = sourcecode.swift; path = showDetailMenuDetail.swift; sourceTree = "<group>"; };
		0304A6B92926E72E005621A3 /* PlaceOrderVC.swift */ = {isa = PBXFileReference; lastKnownFileType = sourcecode.swift; path = PlaceOrderVC.swift; sourceTree = "<group>"; };
		038902D12924B8BF005F4049 /* StarbucksMock3.app */ = {isa = PBXFileReference; explicitFileType = wrapper.application; includeInIndex = 0; path = StarbucksMock3.app; sourceTree = BUILT_PRODUCTS_DIR; };
		038902D42924B8BF005F4049 /* AppDelegate.swift */ = {isa = PBXFileReference; lastKnownFileType = sourcecode.swift; path = AppDelegate.swift; sourceTree = "<group>"; };
		038902D62924B8BF005F4049 /* SceneDelegate.swift */ = {isa = PBXFileReference; lastKnownFileType = sourcecode.swift; path = SceneDelegate.swift; sourceTree = "<group>"; };
		038902D82924B8BF005F4049 /* ViewController.swift */ = {isa = PBXFileReference; lastKnownFileType = sourcecode.swift; path = ViewController.swift; sourceTree = "<group>"; };
		038902DB2924B8BF005F4049 /* Base */ = {isa = PBXFileReference; lastKnownFileType = file.storyboard; name = Base; path = Base.lproj/Main.storyboard; sourceTree = "<group>"; };
		038902DD2924B8C0005F4049 /* Assets.xcassets */ = {isa = PBXFileReference; lastKnownFileType = folder.assetcatalog; path = Assets.xcassets; sourceTree = "<group>"; };
		038902E02924B8C0005F4049 /* Base */ = {isa = PBXFileReference; lastKnownFileType = file.storyboard; name = Base; path = Base.lproj/LaunchScreen.storyboard; sourceTree = "<group>"; };
		038902E22924B8C0005F4049 /* Info.plist */ = {isa = PBXFileReference; lastKnownFileType = text.plist.xml; path = Info.plist; sourceTree = "<group>"; };
		038902E82924B9BB005F4049 /* HomeVC.swift */ = {isa = PBXFileReference; lastKnownFileType = sourcecode.swift; path = HomeVC.swift; sourceTree = "<group>"; };
		038902EA2924B9C7005F4049 /* PayVC.swift */ = {isa = PBXFileReference; lastKnownFileType = sourcecode.swift; path = PayVC.swift; sourceTree = "<group>"; };
		038902EC2924B9D0005F4049 /* OrderVC.swift */ = {isa = PBXFileReference; lastKnownFileType = sourcecode.swift; path = OrderVC.swift; sourceTree = "<group>"; };
		038902EE2924B9DB005F4049 /* ShopVC.swift */ = {isa = PBXFileReference; lastKnownFileType = sourcecode.swift; path = ShopVC.swift; sourceTree = "<group>"; };
		038902F02924B9E5005F4049 /* OtherVC.swift */ = {isa = PBXFileReference; lastKnownFileType = sourcecode.swift; path = OtherVC.swift; sourceTree = "<group>"; };
		03DE8EB52929B1960070D0EF /* MenuSelected.swift */ = {isa = PBXFileReference; lastKnownFileType = sourcecode.swift; path = MenuSelected.swift; sourceTree = "<group>"; };
		03DE8EB72929B1EA0070D0EF /* PaymentVC.swift */ = {isa = PBXFileReference; lastKnownFileType = sourcecode.swift; path = PaymentVC.swift; sourceTree = "<group>"; };
		03DE8EBB2929B8FF0070D0EF /* DiscountOption.swift */ = {isa = PBXFileReference; lastKnownFileType = sourcecode.swift; path = DiscountOption.swift; sourceTree = "<group>"; };
		03DE8EBD2929C90E0070D0EF /* selectedMenuTableViewCell.swift */ = {isa = PBXFileReference; lastKnownFileType = sourcecode.swift; path = selectedMenuTableViewCell.swift; sourceTree = "<group>"; };
		03DE8EBE2929C90E0070D0EF /* selectedMenuTableViewCell.xib */ = {isa = PBXFileReference; lastKnownFileType = file.xib; path = selectedMenuTableViewCell.xib; sourceTree = "<group>"; };
/* End PBXFileReference section */

/* Begin PBXFrameworksBuildPhase section */
		038902CE2924B8BF005F4049 /* Frameworks */ = {
			isa = PBXFrameworksBuildPhase;
			buildActionMask = 2147483647;
			files = (
			);
			runOnlyForDeploymentPostprocessing = 0;
		};
/* End PBXFrameworksBuildPhase section */

/* Begin PBXGroup section */
		038902C82924B8BF005F4049 = {
			isa = PBXGroup;
			children = (
				038902D32924B8BF005F4049 /* StarbucksMock3 */,
				038902D22924B8BF005F4049 /* Products */,
			);
			sourceTree = "<group>";
		};
		038902D22924B8BF005F4049 /* Products */ = {
			isa = PBXGroup;
			children = (
				038902D12924B8BF005F4049 /* StarbucksMock3.app */,
			);
			name = Products;
			sourceTree = "<group>";
		};
		038902D32924B8BF005F4049 /* StarbucksMock3 */ = {
			isa = PBXGroup;
			children = (
				03DE8EC12929FE260070D0EF /* Delegate */,
				038902D82924B8BF005F4049 /* ViewController.swift */,
				038902DA2924B8BF005F4049 /* Main.storyboard */,
				03DE8EC32929FE810070D0EF /* Model */,
				03DE8EC22929FE460070D0EF /* Tap bar View Controller */,
				03DE8EC52929FEBD0070D0EF /* OrderVC Children */,
				03DE8EC42929FEA20070D0EF /* TableViewCell */,
				038902DD2924B8C0005F4049 /* Assets.xcassets */,
				038902DF2924B8C0005F4049 /* LaunchScreen.storyboard */,
				038902E22924B8C0005F4049 /* Info.plist */,
			);
			path = StarbucksMock3;
			sourceTree = "<group>";
		};
		03DE8EC12929FE260070D0EF /* Delegate */ = {
			isa = PBXGroup;
			children = (
				038902D62924B8BF005F4049 /* SceneDelegate.swift */,
				038902D42924B8BF005F4049 /* AppDelegate.swift */,
			);
			path = Delegate;
			sourceTree = "<group>";
		};
		03DE8EC22929FE460070D0EF /* Tap bar View Controller */ = {
			isa = PBXGroup;
			children = (
				038902E82924B9BB005F4049 /* HomeVC.swift */,
				038902EA2924B9C7005F4049 /* PayVC.swift */,
				038902EC2924B9D0005F4049 /* OrderVC.swift */,
				038902EE2924B9DB005F4049 /* ShopVC.swift */,
				038902F02924B9E5005F4049 /* OtherVC.swift */,
			);
			path = "Tap bar View Controller";
			sourceTree = "<group>";
		};
		03DE8EC32929FE810070D0EF /* Model */ = {
			isa = PBXGroup;
			children = (
				0304A6A92924C9B3005621A3 /* Menu.swift */,
				03DE8EBB2929B8FF0070D0EF /* DiscountOption.swift */,
				03DE8EB52929B1960070D0EF /* MenuSelected.swift */,
			);
			path = Model;
			sourceTree = "<group>";
		};
		03DE8EC42929FEA20070D0EF /* TableViewCell */ = {
			isa = PBXGroup;
			children = (
				0304A6A62924C6D9005621A3 /* MenuTableViewCell.xib */,
				0304A6A52924C6D9005621A3 /* MenuTableViewCell.swift */,
				0304A6B22924DF86005621A3 /* OrderMenuTableViewCell.xib */,
				0304A6B12924DF86005621A3 /* OrderMenuTableViewCell.swift */,
				03DE8EBE2929C90E0070D0EF /* selectedMenuTableViewCell.xib */,
				03DE8EBD2929C90E0070D0EF /* selectedMenuTableViewCell.swift */,
			);
			path = TableViewCell;
			sourceTree = "<group>";
		};
		03DE8EC52929FEBD0070D0EF /* OrderVC Children */ = {
			isa = PBXGroup;
			children = (
				0304A6B52924E247005621A3 /* SearchVC.swift */,
				0304A6AF2924DF40005621A3 /* OrderMenuVC.swift */,
				0304A6B72926D389005621A3 /* showDetailMenuDetail.swift */,
				0304A6B92926E72E005621A3 /* PlaceOrderVC.swift */,
				03DE8EB72929B1EA0070D0EF /* PaymentVC.swift */,
			);
			path = "OrderVC Children";
			sourceTree = "<group>";
		};
/* End PBXGroup section */

/* Begin PBXNativeTarget section */
		038902D02924B8BF005F4049 /* StarbucksMock3 */ = {
			isa = PBXNativeTarget;
			buildConfigurationList = 038902E52924B8C0005F4049 /* Build configuration list for PBXNativeTarget "StarbucksMock3" */;
			buildPhases = (
				038902CD2924B8BF005F4049 /* Sources */,
				038902CE2924B8BF005F4049 /* Frameworks */,
				038902CF2924B8BF005F4049 /* Resources */,
			);
			buildRules = (
			);
			dependencies = (
			);
			name = StarbucksMock3;
			productName = StarbucksMock3;
			productReference = 038902D12924B8BF005F4049 /* StarbucksMock3.app */;
			productType = "com.apple.product-type.application";
		};
/* End PBXNativeTarget section */

/* Begin PBXProject section */
		038902C92924B8BF005F4049 /* Project object */ = {
			isa = PBXProject;
			attributes = {
				BuildIndependentTargetsInParallel = 1;
				LastSwiftUpdateCheck = 1320;
				LastUpgradeCheck = 1320;
				TargetAttributes = {
					038902D02924B8BF005F4049 = {
						CreatedOnToolsVersion = 13.2.1;
					};
				};
			};
			buildConfigurationList = 038902CC2924B8BF005F4049 /* Build configuration list for PBXProject "StarbucksMock3" */;
			compatibilityVersion = "Xcode 13.0";
			developmentRegion = en;
			hasScannedForEncodings = 0;
			knownRegions = (
				en,
				Base,
			);
			mainGroup = 038902C82924B8BF005F4049;
			productRefGroup = 038902D22924B8BF005F4049 /* Products */;
			projectDirPath = "";
			projectRoot = "";
			targets = (
				038902D02924B8BF005F4049 /* StarbucksMock3 */,
			);
		};
/* End PBXProject section */

/* Begin PBXResourcesBuildPhase section */
		038902CF2924B8BF005F4049 /* Resources */ = {
			isa = PBXResourcesBuildPhase;
			buildActionMask = 2147483647;
			files = (
				038902E12924B8C0005F4049 /* LaunchScreen.storyboard in Resources */,
				038902DE2924B8C0005F4049 /* Assets.xcassets in Resources */,
				0304A6A82924C6D9005621A3 /* MenuTableViewCell.xib in Resources */,
				038902DC2924B8BF005F4049 /* Main.storyboard in Resources */,
				0304A6B42924DF86005621A3 /* OrderMenuTableViewCell.xib in Resources */,
				03DE8EC02929C90E0070D0EF /* selectedMenuTableViewCell.xib in Resources */,
			);
			runOnlyForDeploymentPostprocessing = 0;
		};
/* End PBXResourcesBuildPhase section */

/* Begin PBXSourcesBuildPhase section */
		038902CD2924B8BF005F4049 /* Sources */ = {
			isa = PBXSourcesBuildPhase;
			buildActionMask = 2147483647;
			files = (
				03DE8EB82929B1EA0070D0EF /* PaymentVC.swift in Sources */,
				038902EF2924B9DB005F4049 /* ShopVC.swift in Sources */,
				03DE8EBF2929C90E0070D0EF /* selectedMenuTableViewCell.swift in Sources */,
				0304A6B02924DF40005621A3 /* OrderMenuVC.swift in Sources */,
				038902D92924B8BF005F4049 /* ViewController.swift in Sources */,
				038902ED2924B9D0005F4049 /* OrderVC.swift in Sources */,
				03DE8EBC2929B8FF0070D0EF /* DiscountOption.swift in Sources */,
				038902F12924B9E5005F4049 /* OtherVC.swift in Sources */,
				0304A6B82926D389005621A3 /* showDetailMenuDetail.swift in Sources */,
				0304A6AA2924C9B3005621A3 /* Menu.swift in Sources */,
				038902E92924B9BB005F4049 /* HomeVC.swift in Sources */,
				0304A6B32924DF86005621A3 /* OrderMenuTableViewCell.swift in Sources */,
				0304A6A72924C6D9005621A3 /* MenuTableViewCell.swift in Sources */,
				0304A6BA2926E72E005621A3 /* PlaceOrderVC.swift in Sources */,
				03DE8EB62929B1960070D0EF /* MenuSelected.swift in Sources */,
				038902D52924B8BF005F4049 /* AppDelegate.swift in Sources */,
				0304A6B62924E247005621A3 /* SearchVC.swift in Sources */,
				038902EB2924B9C7005F4049 /* PayVC.swift in Sources */,
				038902D72924B8BF005F4049 /* SceneDelegate.swift in Sources */,
			);
			runOnlyForDeploymentPostprocessing = 0;
		};
/* End PBXSourcesBuildPhase section */

/* Begin PBXVariantGroup section */
		038902DA2924B8BF005F4049 /* Main.storyboard */ = {
			isa = PBXVariantGroup;
			children = (
				038902DB2924B8BF005F4049 /* Base */,
			);
			name = Main.storyboard;
			sourceTree = "<group>";
		};
		038902DF2924B8C0005F4049 /* LaunchScreen.storyboard */ = {
			isa = PBXVariantGroup;
			children = (
				038902E02924B8C0005F4049 /* Base */,
			);
			name = LaunchScreen.storyboard;
			sourceTree = "<group>";
		};
/* End PBXVariantGroup section */

/* Begin XCBuildConfiguration section */
		038902E32924B8C0005F4049 /* Debug */ = {
			isa = XCBuildConfiguration;
			buildSettings = {
				ALWAYS_SEARCH_USER_PATHS = NO;
				CLANG_ANALYZER_NONNULL = YES;
				CLANG_ANALYZER_NUMBER_OBJECT_CONVERSION = YES_AGGRESSIVE;
				CLANG_CXX_LANGUAGE_STANDARD = "gnu++17";
				CLANG_CXX_LIBRARY = "libc++";
				CLANG_ENABLE_MODULES = YES;
				CLANG_ENABLE_OBJC_ARC = YES;
				CLANG_ENABLE_OBJC_WEAK = YES;
				CLANG_WARN_BLOCK_CAPTURE_AUTORELEASING = YES;
				CLANG_WARN_BOOL_CONVERSION = YES;
				CLANG_WARN_COMMA = YES;
				CLANG_WARN_CONSTANT_CONVERSION = YES;
				CLANG_WARN_DEPRECATED_OBJC_IMPLEMENTATIONS = YES;
				CLANG_WARN_DIRECT_OBJC_ISA_USAGE = YES_ERROR;
				CLANG_WARN_DOCUMENTATION_COMMENTS = YES;
				CLANG_WARN_EMPTY_BODY = YES;
				CLANG_WARN_ENUM_CONVERSION = YES;
				CLANG_WARN_INFINITE_RECURSION = YES;
				CLANG_WARN_INT_CONVERSION = YES;
				CLANG_WARN_NON_LITERAL_NULL_CONVERSION = YES;
				CLANG_WARN_OBJC_IMPLICIT_RETAIN_SELF = YES;
				CLANG_WARN_OBJC_LITERAL_CONVERSION = YES;
				CLANG_WARN_OBJC_ROOT_CLASS = YES_ERROR;
				CLANG_WARN_QUOTED_INCLUDE_IN_FRAMEWORK_HEADER = YES;
				CLANG_WARN_RANGE_LOOP_ANALYSIS = YES;
				CLANG_WARN_STRICT_PROTOTYPES = YES;
				CLANG_WARN_SUSPICIOUS_MOVE = YES;
				CLANG_WARN_UNGUARDED_AVAILABILITY = YES_AGGRESSIVE;
				CLANG_WARN_UNREACHABLE_CODE = YES;
				CLANG_WARN__DUPLICATE_METHOD_MATCH = YES;
				COPY_PHASE_STRIP = NO;
				DEBUG_INFORMATION_FORMAT = dwarf;
				ENABLE_STRICT_OBJC_MSGSEND = YES;
				ENABLE_TESTABILITY = YES;
				GCC_C_LANGUAGE_STANDARD = gnu11;
				GCC_DYNAMIC_NO_PIC = NO;
				GCC_NO_COMMON_BLOCKS = YES;
				GCC_OPTIMIZATION_LEVEL = 0;
				GCC_PREPROCESSOR_DEFINITIONS = (
					"DEBUG=1",
					"$(inherited)",
				);
				GCC_WARN_64_TO_32_BIT_CONVERSION = YES;
				GCC_WARN_ABOUT_RETURN_TYPE = YES_ERROR;
				GCC_WARN_UNDECLARED_SELECTOR = YES;
				GCC_WARN_UNINITIALIZED_AUTOS = YES_AGGRESSIVE;
				GCC_WARN_UNUSED_FUNCTION = YES;
				GCC_WARN_UNUSED_VARIABLE = YES;
				IPHONEOS_DEPLOYMENT_TARGET = 15.2;
				MTL_ENABLE_DEBUG_INFO = INCLUDE_SOURCE;
				MTL_FAST_MATH = YES;
				ONLY_ACTIVE_ARCH = YES;
				SDKROOT = iphoneos;
				SWIFT_ACTIVE_COMPILATION_CONDITIONS = DEBUG;
				SWIFT_OPTIMIZATION_LEVEL = "-Onone";
			};
			name = Debug;
		};
		038902E42924B8C0005F4049 /* Release */ = {
			isa = XCBuildConfiguration;
			buildSettings = {
				ALWAYS_SEARCH_USER_PATHS = NO;
				CLANG_ANALYZER_NONNULL = YES;
				CLANG_ANALYZER_NUMBER_OBJECT_CONVERSION = YES_AGGRESSIVE;
				CLANG_CXX_LANGUAGE_STANDARD = "gnu++17";
				CLANG_CXX_LIBRARY = "libc++";
				CLANG_ENABLE_MODULES = YES;
				CLANG_ENABLE_OBJC_ARC = YES;
				CLANG_ENABLE_OBJC_WEAK = YES;
				CLANG_WARN_BLOCK_CAPTURE_AUTORELEASING = YES;
				CLANG_WARN_BOOL_CONVERSION = YES;
				CLANG_WARN_COMMA = YES;
				CLANG_WARN_CONSTANT_CONVERSION = YES;
				CLANG_WARN_DEPRECATED_OBJC_IMPLEMENTATIONS = YES;
				CLANG_WARN_DIRECT_OBJC_ISA_USAGE = YES_ERROR;
				CLANG_WARN_DOCUMENTATION_COMMENTS = YES;
				CLANG_WARN_EMPTY_BODY = YES;
				CLANG_WARN_ENUM_CONVERSION = YES;
				CLANG_WARN_INFINITE_RECURSION = YES;
				CLANG_WARN_INT_CONVERSION = YES;
				CLANG_WARN_NON_LITERAL_NULL_CONVERSION = YES;
				CLANG_WARN_OBJC_IMPLICIT_RETAIN_SELF = YES;
				CLANG_WARN_OBJC_LITERAL_CONVERSION = YES;
				CLANG_WARN_OBJC_ROOT_CLASS = YES_ERROR;
				CLANG_WARN_QUOTED_INCLUDE_IN_FRAMEWORK_HEADER = YES;
				CLANG_WARN_RANGE_LOOP_ANALYSIS = YES;
				CLANG_WARN_STRICT_PROTOTYPES = YES;
				CLANG_WARN_SUSPICIOUS_MOVE = YES;
				CLANG_WARN_UNGUARDED_AVAILABILITY = YES_AGGRESSIVE;
				CLANG_WARN_UNREACHABLE_CODE = YES;
				CLANG_WARN__DUPLICATE_METHOD_MATCH = YES;
				COPY_PHASE_STRIP = NO;
				DEBUG_INFORMATION_FORMAT = "dwarf-with-dsym";
				ENABLE_NS_ASSERTIONS = NO;
				ENABLE_STRICT_OBJC_MSGSEND = YES;
				GCC_C_LANGUAGE_STANDARD = gnu11;
				GCC_NO_COMMON_BLOCKS = YES;
				GCC_WARN_64_TO_32_BIT_CONVERSION = YES;
				GCC_WARN_ABOUT_RETURN_TYPE = YES_ERROR;
				GCC_WARN_UNDECLARED_SELECTOR = YES;
				GCC_WARN_UNINITIALIZED_AUTOS = YES_AGGRESSIVE;
				GCC_WARN_UNUSED_FUNCTION = YES;
				GCC_WARN_UNUSED_VARIABLE = YES;
				IPHONEOS_DEPLOYMENT_TARGET = 15.2;
				MTL_ENABLE_DEBUG_INFO = NO;
				MTL_FAST_MATH = YES;
				SDKROOT = iphoneos;
				SWIFT_COMPILATION_MODE = wholemodule;
				SWIFT_OPTIMIZATION_LEVEL = "-O";
				VALIDATE_PRODUCT = YES;
			};
			name = Release;
		};
		038902E62924B8C0005F4049 /* Debug */ = {
			isa = XCBuildConfiguration;
			buildSettings = {
				ASSETCATALOG_COMPILER_APPICON_NAME = AppIcon;
				ASSETCATALOG_COMPILER_GLOBAL_ACCENT_COLOR_NAME = AccentColor;
				CODE_SIGN_STYLE = Automatic;
				CURRENT_PROJECT_VERSION = 1;
				DEVELOPMENT_TEAM = 6225DX9457;
				GENERATE_INFOPLIST_FILE = YES;
				INFOPLIST_FILE = StarbucksMock3/Info.plist;
				INFOPLIST_KEY_UIApplicationSupportsIndirectInputEvents = YES;
				INFOPLIST_KEY_UILaunchStoryboardName = LaunchScreen;
				INFOPLIST_KEY_UIMainStoryboardFile = Main;
				INFOPLIST_KEY_UISupportedInterfaceOrientations_iPad = "UIInterfaceOrientationPortrait UIInterfaceOrientationPortraitUpsideDown UIInterfaceOrientationLandscapeLeft UIInterfaceOrientationLandscapeRight";
				INFOPLIST_KEY_UISupportedInterfaceOrientations_iPhone = "UIInterfaceOrientationPortrait UIInterfaceOrientationLandscapeLeft UIInterfaceOrientationLandscapeRight";
				LD_RUNPATH_SEARCH_PATHS = (
					"$(inherited)",
					"@executable_path/Frameworks",
				);
				MARKETING_VERSION = 1.0;
				PRODUCT_BUNDLE_IDENTIFIER = JaehoBe.StarbucksMock3;
				PRODUCT_NAME = "$(TARGET_NAME)";
				SWIFT_EMIT_LOC_STRINGS = YES;
				SWIFT_VERSION = 5.0;
				TARGETED_DEVICE_FAMILY = 1;
			};
			name = Debug;
		};
		038902E72924B8C0005F4049 /* Release */ = {
			isa = XCBuildConfiguration;
			buildSettings = {
				ASSETCATALOG_COMPILER_APPICON_NAME = AppIcon;
				ASSETCATALOG_COMPILER_GLOBAL_ACCENT_COLOR_NAME = AccentColor;
				CODE_SIGN_STYLE = Automatic;
				CURRENT_PROJECT_VERSION = 1;
				DEVELOPMENT_TEAM = 6225DX9457;
				GENERATE_INFOPLIST_FILE = YES;
				INFOPLIST_FILE = StarbucksMock3/Info.plist;
				INFOPLIST_KEY_UIApplicationSupportsIndirectInputEvents = YES;
				INFOPLIST_KEY_UILaunchStoryboardName = LaunchScreen;
				INFOPLIST_KEY_UIMainStoryboardFile = Main;
				INFOPLIST_KEY_UISupportedInterfaceOrientations_iPad = "UIInterfaceOrientationPortrait UIInterfaceOrientationPortraitUpsideDown UIInterfaceOrientationLandscapeLeft UIInterfaceOrientationLandscapeRight";
				INFOPLIST_KEY_UISupportedInterfaceOrientations_iPhone = "UIInterfaceOrientationPortrait UIInterfaceOrientationLandscapeLeft UIInterfaceOrientationLandscapeRight";
				LD_RUNPATH_SEARCH_PATHS = (
					"$(inherited)",
					"@executable_path/Frameworks",
				);
				MARKETING_VERSION = 1.0;
				PRODUCT_BUNDLE_IDENTIFIER = JaehoBe.StarbucksMock3;
				PRODUCT_NAME = "$(TARGET_NAME)";
				SWIFT_EMIT_LOC_STRINGS = YES;
				SWIFT_VERSION = 5.0;
				TARGETED_DEVICE_FAMILY = 1;
			};
			name = Release;
		};
/* End XCBuildConfiguration section */

/* Begin XCConfigurationList section */
		038902CC2924B8BF005F4049 /* Build configuration list for PBXProject "StarbucksMock3" */ = {
			isa = XCConfigurationList;
			buildConfigurations = (
				038902E32924B8C0005F4049 /* Debug */,
				038902E42924B8C0005F4049 /* Release */,
			);
			defaultConfigurationIsVisible = 0;
			defaultConfigurationName = Release;
		};
		038902E52924B8C0005F4049 /* Build configuration list for PBXNativeTarget "StarbucksMock3" */ = {
			isa = XCConfigurationList;
			buildConfigurations = (
				038902E62924B8C0005F4049 /* Debug */,
				038902E72924B8C0005F4049 /* Release */,
			);
			defaultConfigurationIsVisible = 0;
			defaultConfigurationName = Release;
		};
/* End XCConfigurationList section */
	};
	rootObject = 038902C92924B8BF005F4049 /* Project object */;
}
